# THIS IS AN AUTOGENERATED FILE. DO NOT EDIT THIS FILE DIRECTLY.
# yarn lockfile v1


"@google-cloud/paginator@^3.0.0":
  version "3.0.5"
  resolved "https://neo.jfrog.io/neo/api/npm/npm/@google-cloud/paginator/-/paginator-3.0.5.tgz#9d6b96c421a89bd560c1bc2c197c7611ef21db6c"
  integrity sha1-nWuWxCGom9VgwbwsGXx2Ee8h22w=
  dependencies:
    arrify "^2.0.0"
    extend "^3.0.2"

"@google-cloud/precise-date@^2.0.0":
  version "2.0.3"
  resolved "https://neo.jfrog.io/neo/api/npm/npm/@google-cloud/precise-date/-/precise-date-2.0.3.tgz#14f6f28ce35dabf3882e7aeab1c9d51bd473faed"
  integrity sha1-FPbyjONdq/OILnrqscnVG9Rz+u0=

"@google-cloud/projectify@^2.0.0":
  version "2.0.1"
  resolved "https://neo.jfrog.io/neo/api/npm/npm/@google-cloud/projectify/-/projectify-2.0.1.tgz#13350ee609346435c795bbfe133a08dfeab78d65"
  integrity sha1-EzUO5gk0ZDXHlbv+EzoI3+q3jWU=

"@google-cloud/promisify@^2.0.0":
  version "2.0.3"
  resolved "https://neo.jfrog.io/neo/api/npm/npm/@google-cloud/promisify/-/promisify-2.0.3.tgz#f934b5cdc939e3c7039ff62b9caaf59a9d89e3a8"
  integrity sha1-+TS1zck548cDn/YrnKr1mp2J46g=

"@google-cloud/pubsub@^2.5.0":
  version "2.5.0"
  resolved "https://neo.jfrog.io/neo/api/npm/npm/@google-cloud/pubsub/-/pubsub-2.5.0.tgz#6c696d9b448f2e1689be9a37ef0362ed173731fd"
  integrity sha1-bGltm0SPLhaJvpo37wNi7Rc3Mf0=
  dependencies:
    "@google-cloud/paginator" "^3.0.0"
    "@google-cloud/precise-date" "^2.0.0"
    "@google-cloud/projectify" "^2.0.0"
    "@google-cloud/promisify" "^2.0.0"
    "@opentelemetry/api" "^0.10.0"
    "@opentelemetry/tracing" "^0.10.0"
    "@types/duplexify" "^3.6.0"
    "@types/long" "^4.0.0"
    arrify "^2.0.0"
    extend "^3.0.2"
    google-auth-library "^6.0.0"
    google-gax "^2.7.0"
    is-stream-ended "^0.1.4"
    lodash.snakecase "^4.1.1"
    p-defer "^3.0.0"

"@google-cloud/vision@^2.1.2":
  version "2.1.2"
  resolved "https://neo.jfrog.io/neo/api/npm/npm/@google-cloud/vision/-/vision-2.1.2.tgz#85c44a313c7448111366197de454e60892d2d6aa"
  integrity sha1-hcRKMTx0SBETZhl95FTmCJLS1qo=
  dependencies:
    "@google-cloud/promisify" "^2.0.0"
    google-gax "^2.3.1"
    is "^3.3.0"

"@grpc/grpc-js@~1.1.1":
  version "1.1.7"
  resolved "https://neo.jfrog.io/neo/api/npm/npm/@grpc/grpc-js/-/grpc-js-1.1.7.tgz#d3d71c6da95397e2d63895ccc4a05e7572f7b7e6"
  integrity sha1-09ccbalTl+LWOJXMxKBedXL3t+Y=
  dependencies:
    "@grpc/proto-loader" "^0.6.0-pre14"
    "@types/node" "^12.12.47"
    google-auth-library "^6.0.0"
    semver "^6.2.0"

"@grpc/proto-loader@^0.5.1":
  version "0.5.5"
  resolved "https://neo.jfrog.io/neo/api/npm/npm/@grpc/proto-loader/-/proto-loader-0.5.5.tgz#6725e7a1827bdf8e92e29fbf4e9ef0203c0906a9"
  integrity sha1-ZyXnoYJ7346S4p+/Tp7wIDwJBqk=
  dependencies:
    lodash.camelcase "^4.3.0"
    protobufjs "^6.8.6"

"@grpc/proto-loader@^0.6.0-pre14":
  version "0.6.0-pre9"
  resolved "https://neo.jfrog.io/neo/api/npm/npm/@grpc/proto-loader/-/proto-loader-0.6.0-pre9.tgz#0c6fe42f6c5ef9ce1b3cef7be64d5b09d6fe4d6d"
  integrity sha1-DG/kL2xe+c4bPO975k1bCdb+TW0=
  dependencies:
    "@types/long" "^4.0.1"
    lodash.camelcase "^4.3.0"
    long "^4.0.0"
    protobufjs "^6.9.0"
    yargs "^15.3.1"

"@opentelemetry/api@^0.10.0", "@opentelemetry/api@^0.10.2":
  version "0.10.2"
  resolved "https://neo.jfrog.io/neo/api/npm/npm/@opentelemetry/api/-/api-0.10.2.tgz#9647b881f3e1654089ff7ea59d587b2d35060654"
  integrity sha1-lke4gfPhZUCJ/36lnVh7LTUGBlQ=
  dependencies:
    "@opentelemetry/context-base" "^0.10.2"

"@opentelemetry/context-base@^0.10.2":
  version "0.10.2"
  resolved "https://neo.jfrog.io/neo/api/npm/npm/@opentelemetry/context-base/-/context-base-0.10.2.tgz#55bea904b2b91aa8a8675df9eaba5961bddb1def"
  integrity sha1-Vb6pBLK5GqioZ1356rpZYb3bHe8=

"@opentelemetry/core@^0.10.2":
  version "0.10.2"
  resolved "https://neo.jfrog.io/neo/api/npm/npm/@opentelemetry/core/-/core-0.10.2.tgz#86b9e94bbcaf8e07bb86e8205aa1d53af854e7de"
  integrity sha1-hrnpS7yvjge7huggWqHVOvhU594=
  dependencies:
    "@opentelemetry/api" "^0.10.2"
    "@opentelemetry/context-base" "^0.10.2"
    semver "^7.1.3"

"@opentelemetry/resources@^0.10.2":
  version "0.10.2"
  resolved "https://neo.jfrog.io/neo/api/npm/npm/@opentelemetry/resources/-/resources-0.10.2.tgz#6e291d525450359c615aac013fd977047f2c26d7"
  integrity sha1-bikdUlRQNZxhWqwBP9l3BH8sJtc=
  dependencies:
    "@opentelemetry/api" "^0.10.2"
    "@opentelemetry/core" "^0.10.2"
    gcp-metadata "^3.5.0"

"@opentelemetry/tracing@^0.10.0":
  version "0.10.2"
  resolved "https://neo.jfrog.io/neo/api/npm/npm/@opentelemetry/tracing/-/tracing-0.10.2.tgz#384779a6e1be988200cc316a97030d95bd8f2129"
  integrity sha1-OEd5puG+mIIAzDFqlwMNlb2PISk=
  dependencies:
    "@opentelemetry/api" "^0.10.2"
    "@opentelemetry/context-base" "^0.10.2"
    "@opentelemetry/core" "^0.10.2"
    "@opentelemetry/resources" "^0.10.2"

"@protobufjs/aspromise@^1.1.1", "@protobufjs/aspromise@^1.1.2":
  version "1.1.2"
  resolved "https://neo.jfrog.io/neo/api/npm/npm/@protobufjs/aspromise/-/aspromise-1.1.2.tgz#9b8b0cc663d669a7d8f6f5d0893a14d348f30fbf"
  integrity sha1-m4sMxmPWaafY9vXQiToU00jzD78=

"@protobufjs/base64@^1.1.2":
  version "1.1.2"
  resolved "https://neo.jfrog.io/neo/api/npm/npm/@protobufjs/base64/-/base64-1.1.2.tgz#4c85730e59b9a1f1f349047dbf24296034bb2735"
  integrity sha1-TIVzDlm5ofHzSQR9vyQpYDS7JzU=

"@protobufjs/codegen@^2.0.4":
  version "2.0.4"
  resolved "https://neo.jfrog.io/neo/api/npm/npm/@protobufjs/codegen/-/codegen-2.0.4.tgz#7ef37f0d010fb028ad1ad59722e506d9262815cb"
  integrity sha1-fvN/DQEPsCitGtWXIuUG2SYoFcs=

"@protobufjs/eventemitter@^1.1.0":
  version "1.1.0"
  resolved "https://neo.jfrog.io/neo/api/npm/npm/@protobufjs/eventemitter/-/eventemitter-1.1.0.tgz#355cbc98bafad5978f9ed095f397621f1d066b70"
  integrity sha1-NVy8mLr61ZePntCV85diHx0Ga3A=

"@protobufjs/fetch@^1.1.0":
  version "1.1.0"
  resolved "https://neo.jfrog.io/neo/api/npm/npm/@protobufjs/fetch/-/fetch-1.1.0.tgz#ba99fb598614af65700c1619ff06d454b0d84c45"
  integrity sha1-upn7WYYUr2VwDBYZ/wbUVLDYTEU=
  dependencies:
    "@protobufjs/aspromise" "^1.1.1"
    "@protobufjs/inquire" "^1.1.0"

"@protobufjs/float@^1.0.2":
  version "1.0.2"
  resolved "https://neo.jfrog.io/neo/api/npm/npm/@protobufjs/float/-/float-1.0.2.tgz#5e9e1abdcb73fc0a7cb8b291df78c8cbd97b87d1"
  integrity sha1-Xp4avctz/Ap8uLKR33jIy9l7h9E=

"@protobufjs/inquire@^1.1.0":
  version "1.1.0"
  resolved "https://neo.jfrog.io/neo/api/npm/npm/@protobufjs/inquire/-/inquire-1.1.0.tgz#ff200e3e7cf2429e2dcafc1140828e8cc638f089"
  integrity sha1-/yAOPnzyQp4tyvwRQIKOjMY48Ik=

"@protobufjs/path@^1.1.2":
  version "1.1.2"
  resolved "https://neo.jfrog.io/neo/api/npm/npm/@protobufjs/path/-/path-1.1.2.tgz#6cc2b20c5c9ad6ad0dccfd21ca7673d8d7fbf68d"
  integrity sha1-bMKyDFya1q0NzP0hynZz2Nf79o0=

"@protobufjs/pool@^1.1.0":
  version "1.1.0"
  resolved "https://neo.jfrog.io/neo/api/npm/npm/@protobufjs/pool/-/pool-1.1.0.tgz#09fd15f2d6d3abfa9b65bc366506d6ad7846ff54"
  integrity sha1-Cf0V8tbTq/qbZbw2ZQbWrXhG/1Q=

"@protobufjs/utf8@^1.1.0":
  version "1.1.0"
  resolved "https://neo.jfrog.io/neo/api/npm/npm/@protobufjs/utf8/-/utf8-1.1.0.tgz#a777360b5b39a1a2e5106f8e858f2fd2d060c570"
  integrity sha1-p3c2C1s5oaLlEG+OhY8v0tBgxXA=

"@types/duplexify@^3.6.0":
  version "3.6.0"
  resolved "https://neo.jfrog.io/neo/api/npm/npm/@types/duplexify/-/duplexify-3.6.0.tgz#dfc82b64bd3a2168f5bd26444af165bf0237dcd8"
  integrity sha1-38grZL06IWj1vSZESvFlvwI33Ng=
  dependencies:
    "@types/node" "*"

"@types/long@^4.0.0", "@types/long@^4.0.1":
  version "4.0.1"
  resolved "https://neo.jfrog.io/neo/api/npm/npm/@types/long/-/long-4.0.1.tgz#459c65fa1867dafe6a8f322c4c51695663cc55e9"
  integrity sha1-RZxl+hhn2v5qjzIsTFFpVmPMVek=

"@types/node@*":
  version "14.11.8"
  resolved "https://neo.jfrog.io/neo/api/npm/npm/@types/node/-/node-14.11.8.tgz#fe2012f2355e4ce08bca44aeb3abbb21cf88d33f"
  integrity sha1-/iAS8jVeTOCLykSus6u7Ic+I0z8=

"@types/node@^12.12.47":
  version "12.12.67"
  resolved "https://neo.jfrog.io/neo/api/npm/npm/@types/node/-/node-12.12.67.tgz#4f86badb292e822e3b13730a1f9713ed2377f789"
  integrity sha1-T4a62ykugi47E3MKH5cT7SN394k=

"@types/node@^13.7.0":
  version "13.13.25"
  resolved "https://neo.jfrog.io/neo/api/npm/npm/@types/node/-/node-13.13.25.tgz#768d6712b15099a744812a92b84ffde8f4e13cf1"
  integrity sha1-do1nErFQmadEgSqSuE/96PThPPE=

abort-controller@^3.0.0:
  version "3.0.0"
  resolved "https://neo.jfrog.io/neo/api/npm/npm/abort-controller/-/abort-controller-3.0.0.tgz#eaf54d53b62bae4138e809ca225c8439a6efb392"
  integrity sha1-6vVNU7YrrkE46AnKIlyEOabvs5I=
  dependencies:
    event-target-shim "^5.0.0"

agent-base@6:
  version "6.0.1"
  resolved "https://neo.jfrog.io/neo/api/npm/npm/agent-base/-/agent-base-6.0.1.tgz#808007e4e5867decb0ab6ab2f928fbdb5a596db4"
  integrity sha1-gIAH5OWGfeywq2qy+Sj721pZbbQ=
  dependencies:
    debug "4"

ansi-regex@^5.0.0:
  version "5.0.0"
  resolved "https://neo.jfrog.io/neo/api/npm/npm/ansi-regex/-/ansi-regex-5.0.0.tgz#388539f55179bf39339c81af30a654d69f87cb75"
  integrity sha1-OIU59VF5vzkznIGvMKZU1p+Hy3U=

ansi-styles@^4.0.0:
  version "4.3.0"
  resolved "https://neo.jfrog.io/neo/api/npm/npm/ansi-styles/-/ansi-styles-4.3.0.tgz#edd803628ae71c04c85ae7a0906edad34b648937"
  integrity sha1-7dgDYornHATIWuegkG7a00tkiTc=
  dependencies:
    color-convert "^2.0.1"

arrify@^2.0.0:
  version "2.0.1"
  resolved "https://neo.jfrog.io/neo/api/npm/npm/arrify/-/arrify-2.0.1.tgz#c9655e9331e0abcd588d2a7cad7e9956f66701fa"
  integrity sha1-yWVekzHgq81YjSp8rX6ZVvZnAfo=

base64-js@^1.3.0:
  version "1.3.1"
  resolved "https://neo.jfrog.io/neo/api/npm/npm/base64-js/-/base64-js-1.3.1.tgz#58ece8cb75dd07e71ed08c736abc5fac4dbf8df1"
  integrity sha1-WOzoy3XdB+ce0IxzarxfrE2/jfE=

bignumber.js@^9.0.0:
  version "9.0.1"
  resolved "https://neo.jfrog.io/neo/api/npm/npm/bignumber.js/-/bignumber.js-9.0.1.tgz#8d7ba124c882bfd8e43260c67475518d0689e4e5"
  integrity sha1-jXuhJMiCv9jkMmDGdHVRjQaJ5OU=

buffer-equal-constant-time@1.0.1:
  version "1.0.1"
  resolved "https://neo.jfrog.io/neo/api/npm/npm/buffer-equal-constant-time/-/buffer-equal-constant-time-1.0.1.tgz#f8e71132f7ffe6e01a5c9697a4c6f3e48d5cc819"
  integrity sha1-+OcRMvf/5uAaXJaXpMbz5I1cyBk=

camelcase@^5.0.0:
  version "5.3.1"
  resolved "https://neo.jfrog.io/neo/api/npm/npm/camelcase/-/camelcase-5.3.1.tgz#e3c9b31569e106811df242f715725a1f4c494320"
  integrity sha1-48mzFWnhBoEd8kL3FXJaH0xJQyA=

cliui@^6.0.0:
  version "6.0.0"
  resolved "https://neo.jfrog.io/neo/api/npm/npm/cliui/-/cliui-6.0.0.tgz#511d702c0c4e41ca156d7d0e96021f23e13225b1"
  integrity sha1-UR1wLAxOQcoVbX0OlgIfI+EyJbE=
  dependencies:
    string-width "^4.2.0"
    strip-ansi "^6.0.0"
    wrap-ansi "^6.2.0"

color-convert@^2.0.1:
  version "2.0.1"
  resolved "https://neo.jfrog.io/neo/api/npm/npm/color-convert/-/color-convert-2.0.1.tgz#72d3a68d598c9bdb3af2ad1e84f21d896abd4de3"
  integrity sha1-ctOmjVmMm9s68q0ehPIdiWq9TeM=
  dependencies:
    color-name "~1.1.4"

color-name@~1.1.4:
  version "1.1.4"
  resolved "https://neo.jfrog.io/neo/api/npm/npm/color-name/-/color-name-1.1.4.tgz#c2a09a87acbde69543de6f63fa3995c826c536a2"
  integrity sha1-wqCah6y95pVD3m9j+jmVyCbFNqI=

debug@4, debug@^4.1.1:
  version "4.2.0"
  resolved "https://neo.jfrog.io/neo/api/npm/npm/debug/-/debug-4.2.0.tgz#7f150f93920e94c58f5574c2fd01a3110effe7f1"
  integrity sha1-fxUPk5IOlMWPVXTC/QGjEQ7/5/E=
  dependencies:
    ms "2.1.2"

decamelize@^1.2.0:
  version "1.2.0"
  resolved "https://neo.jfrog.io/neo/api/npm/npm/decamelize/-/decamelize-1.2.0.tgz#f6534d15148269b20352e7bee26f501f9a191290"
  integrity sha1-9lNNFRSCabIDUue+4m9QH5oZEpA=

duplexify@^4.0.0:
  version "4.1.1"
  resolved "https://neo.jfrog.io/neo/api/npm/npm/duplexify/-/duplexify-4.1.1.tgz#7027dc374f157b122a8ae08c2d3ea4d2d953aa61"
  integrity sha1-cCfcN08VexIqiuCMLT6k0tlTqmE=
  dependencies:
    end-of-stream "^1.4.1"
    inherits "^2.0.3"
    readable-stream "^3.1.1"
    stream-shift "^1.0.0"

ecdsa-sig-formatter@1.0.11, ecdsa-sig-formatter@^1.0.11:
  version "1.0.11"
  resolved "https://neo.jfrog.io/neo/api/npm/npm/ecdsa-sig-formatter/-/ecdsa-sig-formatter-1.0.11.tgz#ae0f0fa2d85045ef14a817daa3ce9acd0489e5bf"
  integrity sha1-rg8PothQRe8UqBfao86azQSJ5b8=
  dependencies:
    safe-buffer "^5.0.1"

emoji-regex@^8.0.0:
  version "8.0.0"
  resolved "https://neo.jfrog.io/neo/api/npm/npm/emoji-regex/-/emoji-regex-8.0.0.tgz#e818fd69ce5ccfcb404594f842963bf53164cc37"
  integrity sha1-6Bj9ac5cz8tARZT4QpY79TFkzDc=

end-of-stream@^1.4.1:
  version "1.4.4"
  resolved "https://neo.jfrog.io/neo/api/npm/npm/end-of-stream/-/end-of-stream-1.4.4.tgz#5ae64a5f45057baf3626ec14da0ca5e4b2431eb0"
  integrity sha1-WuZKX0UFe682JuwU2gyl5LJDHrA=
  dependencies:
    once "^1.4.0"

event-target-shim@^5.0.0:
  version "5.0.1"
  resolved "https://neo.jfrog.io/neo/api/npm/npm/event-target-shim/-/event-target-shim-5.0.1.tgz#5d4d3ebdf9583d63a5333ce2deb7480ab2b05789"
  integrity sha1-XU0+vflYPWOlMzzi3rdICrKwV4k=

extend@^3.0.2:
  version "3.0.2"
  resolved "https://neo.jfrog.io/neo/api/npm/npm/extend/-/extend-3.0.2.tgz#f8b1136b4071fbd8eb140aff858b1019ec2915fa"
  integrity sha1-+LETa0Bx+9jrFAr/hYsQGewpFfo=

fast-text-encoding@^1.0.0:
  version "1.0.3"
  resolved "https://neo.jfrog.io/neo/api/npm/npm/fast-text-encoding/-/fast-text-encoding-1.0.3.tgz#ec02ac8e01ab8a319af182dae2681213cfe9ce53"
  integrity sha1-7AKsjgGrijGa8YLa4mgSE8/pzlM=

find-up@^4.1.0:
  version "4.1.0"
  resolved "https://neo.jfrog.io/neo/api/npm/npm/find-up/-/find-up-4.1.0.tgz#97afe7d6cdc0bc5928584b7c8d7b16e8a9aa5d19"
  integrity sha1-l6/n1s3AvFkoWEt8jXsW6KmqXRk=
  dependencies:
    locate-path "^5.0.0"
    path-exists "^4.0.0"

gaxios@^2.1.0:
  version "2.3.4"
  resolved "https://neo.jfrog.io/neo/api/npm/npm/gaxios/-/gaxios-2.3.4.tgz#eea99353f341c270c5f3c29fc46b8ead56f0a173"
  integrity sha1-7qmTU/NBwnDF88KfxGuOrVbwoXM=
  dependencies:
    abort-controller "^3.0.0"
    extend "^3.0.2"
    https-proxy-agent "^5.0.0"
    is-stream "^2.0.0"
    node-fetch "^2.3.0"

gaxios@^3.0.0:
  version "3.2.0"
  resolved "https://neo.jfrog.io/neo/api/npm/npm/gaxios/-/gaxios-3.2.0.tgz#11b6f0e8fb08d94a10d4d58b044ad3bec6dd486a"
  integrity sha1-Ebbw6PsI2UoQ1NWLBErTvsbdSGo=
  dependencies:
    abort-controller "^3.0.0"
    extend "^3.0.2"
    https-proxy-agent "^5.0.0"
    is-stream "^2.0.0"
    node-fetch "^2.3.0"

gcp-metadata@^3.5.0:
  version "3.5.0"
  resolved "https://neo.jfrog.io/neo/api/npm/npm/gcp-metadata/-/gcp-metadata-3.5.0.tgz#6d28343f65a6bbf8449886a0c0e4a71c77577055"
  integrity sha1-bSg0P2Wmu/hEmIagwOSnHHdXcFU=
  dependencies:
    gaxios "^2.1.0"
    json-bigint "^0.3.0"

gcp-metadata@^4.1.0:
  version "4.2.0"
  resolved "https://neo.jfrog.io/neo/api/npm/npm/gcp-metadata/-/gcp-metadata-4.2.0.tgz#3b424355ccdc240ee07c5791e2fd6a60a283d89a"
  integrity sha1-O0JDVczcJA7gfFeR4v1qYKKD2Jo=
  dependencies:
    gaxios "^3.0.0"
    json-bigint "^1.0.0"

get-caller-file@^2.0.1:
  version "2.0.5"
  resolved "https://neo.jfrog.io/neo/api/npm/npm/get-caller-file/-/get-caller-file-2.0.5.tgz#4f94412a82db32f36e3b0b9741f8a97feb031f7e"
  integrity sha1-T5RBKoLbMvNuOwuXQfipf+sDH34=

google-auth-library@^6.0.0:
  version "6.1.1"
  resolved "https://neo.jfrog.io/neo/api/npm/npm/google-auth-library/-/google-auth-library-6.1.1.tgz#e1882ac22e8a073dd7a7296e500d5c0c6dc21933"
  integrity sha1-4Ygqwi6KBz3XpyluUA1cDG3CGTM=
  dependencies:
    arrify "^2.0.0"
    base64-js "^1.3.0"
    ecdsa-sig-formatter "^1.0.11"
    fast-text-encoding "^1.0.0"
    gaxios "^3.0.0"
    gcp-metadata "^4.1.0"
    gtoken "^5.0.4"
    jws "^4.0.0"
    lru-cache "^6.0.0"

google-gax@^2.3.1, google-gax@^2.7.0:
  version "2.9.0"
  resolved "https://neo.jfrog.io/neo/api/npm/npm/google-gax/-/google-gax-2.9.0.tgz#84edef8715d82c0f91a6e5485b8f2803d2690f00"
  integrity sha1-hO3vhxXYLA+RpuVIW48oA9JpDwA=
  dependencies:
    "@grpc/grpc-js" "~1.1.1"
    "@grpc/proto-loader" "^0.5.1"
    "@types/long" "^4.0.0"
    abort-controller "^3.0.0"
    duplexify "^4.0.0"
    google-auth-library "^6.0.0"
    is-stream-ended "^0.1.4"
    node-fetch "^2.6.1"
    protobufjs "^6.9.0"
    retry-request "^4.0.0"

google-p12-pem@^3.0.3:
  version "3.0.3"
  resolved "https://neo.jfrog.io/neo/api/npm/npm/google-p12-pem/-/google-p12-pem-3.0.3.tgz#673ac3a75d3903a87f05878f3c75e06fc151669e"
  integrity sha1-ZzrDp105A6h/BYePPHXgb8FRZp4=
  dependencies:
    node-forge "^0.10.0"

gtoken@^5.0.4:
  version "5.0.4"
  resolved "https://neo.jfrog.io/neo/api/npm/npm/gtoken/-/gtoken-5.0.4.tgz#e8d7456ad2ff774c70176e56b9d34b1c63fb6f0b"
  integrity sha1-6NdFatL/d0xwF25WudNLHGP7bws=
  dependencies:
    gaxios "^3.0.0"
    google-p12-pem "^3.0.3"
    jws "^4.0.0"
    mime "^2.2.0"

https-proxy-agent@^5.0.0:
  version "5.0.0"
  resolved "https://neo.jfrog.io/neo/api/npm/npm/https-proxy-agent/-/https-proxy-agent-5.0.0.tgz#e2a90542abb68a762e0a0850f6c9edadfd8506b2"
  integrity sha1-4qkFQqu2inYuCghQ9sntrf2FBrI=
  dependencies:
    agent-base "6"
    debug "4"

inherits@^2.0.3:
  version "2.0.4"
  resolved "https://neo.jfrog.io/neo/api/npm/npm/inherits/-/inherits-2.0.4.tgz#0fa2c64f932917c3433a0ded55363aae37416b7c"
  integrity sha1-D6LGT5MpF8NDOg3tVTY6rjdBa3w=

is-fullwidth-code-point@^3.0.0:
  version "3.0.0"
  resolved "https://neo.jfrog.io/neo/api/npm/npm/is-fullwidth-code-point/-/is-fullwidth-code-point-3.0.0.tgz#f116f8064fe90b3f7844a38997c0b75051269f1d"
  integrity sha1-8Rb4Bk/pCz94RKOJl8C3UFEmnx0=

is-stream-ended@^0.1.4:
  version "0.1.4"
  resolved "https://neo.jfrog.io/neo/api/npm/npm/is-stream-ended/-/is-stream-ended-0.1.4.tgz#f50224e95e06bce0e356d440a4827cd35b267eda"
  integrity sha1-9QIk6V4GvODjVtRApIJ801smfto=

is-stream@^2.0.0:
  version "2.0.0"
  resolved "https://neo.jfrog.io/neo/api/npm/npm/is-stream/-/is-stream-2.0.0.tgz#bde9c32680d6fae04129d6ac9d921ce7815f78e3"
  integrity sha1-venDJoDW+uBBKdasnZIc54FfeOM=

is@^3.3.0:
  version "3.3.0"
  resolved "https://neo.jfrog.io/neo/api/npm/npm/is/-/is-3.3.0.tgz#61cff6dd3c4193db94a3d62582072b44e5645d79"
  integrity sha1-Yc/23TxBk9uUo9YlggcrROVkXXk=

json-bigint@^0.3.0:
  version "0.3.1"
  resolved "https://neo.jfrog.io/neo/api/npm/npm/json-bigint/-/json-bigint-0.3.1.tgz#0c1729d679f580d550899d6a2226c228564afe60"
  integrity sha1-DBcp1nn1gNVQiZ1qIibCKFZK/mA=
  dependencies:
    bignumber.js "^9.0.0"

json-bigint@^1.0.0:
  version "1.0.0"
  resolved "https://neo.jfrog.io/neo/api/npm/npm/json-bigint/-/json-bigint-1.0.0.tgz#ae547823ac0cad8398667f8cd9ef4730f5b01ff1"
  integrity sha1-rlR4I6wMrYOYZn+M2e9HMPWwH/E=
  dependencies:
    bignumber.js "^9.0.0"

jwa@^2.0.0:
  version "2.0.0"
  resolved "https://neo.jfrog.io/neo/api/npm/npm/jwa/-/jwa-2.0.0.tgz#a7e9c3f29dae94027ebcaf49975c9345593410fc"
  integrity sha1-p+nD8p2ulAJ+vK9Jl1yTRVk0EPw=
  dependencies:
    buffer-equal-constant-time "1.0.1"
    ecdsa-sig-formatter "1.0.11"
    safe-buffer "^5.0.1"

jws@^4.0.0:
  version "4.0.0"
  resolved "https://neo.jfrog.io/neo/api/npm/npm/jws/-/jws-4.0.0.tgz#2d4e8cf6a318ffaa12615e9dec7e86e6c97310f4"
  integrity sha1-LU6M9qMY/6oSYV6d7H6G5slzEPQ=
  dependencies:
    jwa "^2.0.0"
    safe-buffer "^5.0.1"

locate-path@^5.0.0:
  version "5.0.0"
  resolved "https://neo.jfrog.io/neo/api/npm/npm/locate-path/-/locate-path-5.0.0.tgz#1afba396afd676a6d42504d0a67a3a7eb9f62aa0"
  integrity sha1-Gvujlq/WdqbUJQTQpno6frn2KqA=
  dependencies:
    p-locate "^4.1.0"

lodash.camelcase@^4.3.0:
  version "4.3.0"
  resolved "https://neo.jfrog.io/neo/api/npm/npm/lodash.camelcase/-/lodash.camelcase-4.3.0.tgz#b28aa6288a2b9fc651035c7711f65ab6190331a6"
  integrity sha1-soqmKIorn8ZRA1x3EfZathkDMaY=

lodash.snakecase@^4.1.1:
  version "4.1.1"
  resolved "https://neo.jfrog.io/neo/api/npm/npm/lodash.snakecase/-/lodash.snakecase-4.1.1.tgz#39d714a35357147837aefd64b5dcbb16becd8f8d"
  integrity sha1-OdcUo1NXFHg3rv1ktdy7Fr7Nj40=

long@^4.0.0:
  version "4.0.0"
  resolved "https://neo.jfrog.io/neo/api/npm/npm/long/-/long-4.0.0.tgz#9a7b71cfb7d361a194ea555241c92f7468d5bf28"
  integrity sha1-mntxz7fTYaGU6lVSQckvdGjVvyg=

lru-cache@^6.0.0:
  version "6.0.0"
  resolved "https://neo.jfrog.io/neo/api/npm/npm/lru-cache/-/lru-cache-6.0.0.tgz#6d6fe6570ebd96aaf90fcad1dafa3b2566db3a94"
  integrity sha1-bW/mVw69lqr5D8rR2vo7JWbbOpQ=
  dependencies:
    yallist "^4.0.0"

mime@^2.2.0:
  version "2.4.6"
  resolved "https://neo.jfrog.io/neo/api/npm/npm/mime/-/mime-2.4.6.tgz#e5b407c90db442f2beb5b162373d07b69affa4d1"
  integrity sha1-5bQHyQ20QvK+tbFiNz0Htpr/pNE=

ms@2.1.2:
  version "2.1.2"
  resolved "https://neo.jfrog.io/neo/api/npm/npm/ms/-/ms-2.1.2.tgz#d09d1f357b443f493382a8eb3ccd183872ae6009"
  integrity sha1-0J0fNXtEP0kzgqjrPM0YOHKuYAk=

node-fetch@^2.3.0, node-fetch@^2.6.1:
  version "2.6.1"
  resolved "https://neo.jfrog.io/neo/api/npm/npm/node-fetch/-/node-fetch-2.6.1.tgz#045bd323631f76ed2e2b55573394416b639a0052"
  integrity sha1-BFvTI2Mfdu0uK1VXM5RBa2OaAFI=

node-forge@^0.10.0:
  version "0.10.0"
  resolved "https://neo.jfrog.io/neo/api/npm/npm/node-forge/-/node-forge-0.10.0.tgz#32dea2afb3e9926f02ee5ce8794902691a676bf3"
  integrity sha1-Mt6ir7Ppkm8C7lzoeUkCaRpna/M=

once@^1.4.0:
  version "1.4.0"
  resolved "https://neo.jfrog.io/neo/api/npm/npm/once/-/once-1.4.0.tgz#583b1aa775961d4b113ac17d9c50baef9dd76bd1"
  integrity sha1-WDsap3WWHUsROsF9nFC6753Xa9E=
  dependencies:
    wrappy "1"

p-defer@^3.0.0:
  version "3.0.0"
  resolved "https://neo.jfrog.io/neo/api/npm/npm/p-defer/-/p-defer-3.0.0.tgz#d1dceb4ee9b2b604b1d94ffec83760175d4e6f83"
  integrity sha1-0dzrTumytgSx2U/+yDdgF11Ob4M=

p-limit@^2.2.0:
  version "2.3.0"
  resolved "https://neo.jfrog.io/neo/api/npm/npm/p-limit/-/p-limit-2.3.0.tgz#3dd33c647a214fdfffd835933eb086da0dc21db1"
  integrity sha1-PdM8ZHohT9//2DWTPrCG2g3CHbE=
  dependencies:
    p-try "^2.0.0"

p-locate@^4.1.0:
  version "4.1.0"
  resolved "https://neo.jfrog.io/neo/api/npm/npm/p-locate/-/p-locate-4.1.0.tgz#a3428bb7088b3a60292f66919278b7c297ad4f07"
  integrity sha1-o0KLtwiLOmApL2aRkni3wpetTwc=
  dependencies:
    p-limit "^2.2.0"

p-try@^2.0.0:
  version "2.2.0"
  resolved "https://neo.jfrog.io/neo/api/npm/npm/p-try/-/p-try-2.2.0.tgz#cb2868540e313d61de58fafbe35ce9004d5540e6"
  integrity sha1-yyhoVA4xPWHeWPr741zpAE1VQOY=

path-exists@^4.0.0:
  version "4.0.0"
  resolved "https://neo.jfrog.io/neo/api/npm/npm/path-exists/-/path-exists-4.0.0.tgz#513bdbe2d3b95d7762e8c1137efa195c6c61b5b3"
  integrity sha1-UTvb4tO5XXdi6METfvoZXGxhtbM=

protobufjs@^6.8.6, protobufjs@^6.9.0:
  version "6.10.1"
  resolved "https://neo.jfrog.io/neo/api/npm/npm/protobufjs/-/protobufjs-6.10.1.tgz#e6a484dd8f04b29629e9053344e3970cccf13cd2"
  integrity sha1-5qSE3Y8EspYp6QUzROOXDMzxPNI=
  dependencies:
    "@protobufjs/aspromise" "^1.1.2"
    "@protobufjs/base64" "^1.1.2"
    "@protobufjs/codegen" "^2.0.4"
    "@protobufjs/eventemitter" "^1.1.0"
    "@protobufjs/fetch" "^1.1.0"
    "@protobufjs/float" "^1.0.2"
    "@protobufjs/inquire" "^1.1.0"
    "@protobufjs/path" "^1.1.2"
    "@protobufjs/pool" "^1.1.0"
    "@protobufjs/utf8" "^1.1.0"
    "@types/long" "^4.0.1"
    "@types/node" "^13.7.0"
    long "^4.0.0"

readable-stream@^3.1.1:
  version "3.6.0"
  resolved "https://neo.jfrog.io/neo/api/npm/npm/readable-stream/-/readable-stream-3.6.0.tgz#337bbda3adc0706bd3e024426a286d4b4b2c9198"
  integrity sha1-M3u9o63AcGvT4CRCaihtS0sskZg=
  dependencies:
    inherits "^2.0.3"
    string_decoder "^1.1.1"
    util-deprecate "^1.0.1"

require-directory@^2.1.1:
  version "2.1.1"
  resolved "https://neo.jfrog.io/neo/api/npm/npm/require-directory/-/require-directory-2.1.1.tgz#8c64ad5fd30dab1c976e2344ffe7f792a6a6df42"
  integrity sha1-jGStX9MNqxyXbiNE/+f3kqam30I=

require-main-filename@^2.0.0:
  version "2.0.0"
  resolved "https://neo.jfrog.io/neo/api/npm/npm/require-main-filename/-/require-main-filename-2.0.0.tgz#d0b329ecc7cc0f61649f62215be69af54aa8989b"
  integrity sha1-0LMp7MfMD2Fkn2IhW+aa9UqomJs=

retry-request@^4.0.0:
  version "4.1.3"
  resolved "https://neo.jfrog.io/neo/api/npm/npm/retry-request/-/retry-request-4.1.3.tgz#d5f74daf261372cff58d08b0a1979b4d7cab0fde"
  integrity sha1-1fdNryYTcs/1jQiwoZebTXyrD94=
  dependencies:
    debug "^4.1.1"

safe-buffer@^5.0.1, safe-buffer@~5.2.0:
  version "5.2.1"
  resolved "https://neo.jfrog.io/neo/api/npm/npm/safe-buffer/-/safe-buffer-5.2.1.tgz#1eaf9fa9bdb1fdd4ec75f58f9cdb4e6b7827eec6"
  integrity sha1-Hq+fqb2x/dTsdfWPnNtOa3gn7sY=

semver@^6.2.0:
  version "6.3.0"
  resolved "https://neo.jfrog.io/neo/api/npm/npm/semver/-/semver-6.3.0.tgz#ee0a64c8af5e8ceea67687b133761e1becbd1d3d"
  integrity sha1-7gpkyK9ejO6mdoexM3YeG+y9HT0=

semver@^7.1.3:
  version "7.3.2"
  resolved "https://neo.jfrog.io/neo/api/npm/npm/semver/-/semver-7.3.2.tgz#604962b052b81ed0786aae84389ffba70ffd3938"
  integrity sha1-YElisFK4HtB4aq6EOJ/7pw/9OTg=

set-blocking@^2.0.0:
  version "2.0.0"
  resolved "https://neo.jfrog.io/neo/api/npm/npm/set-blocking/-/set-blocking-2.0.0.tgz#045f9782d011ae9a6803ddd382b24392b3d890f7"
  integrity sha1-BF+XgtARrppoA93TgrJDkrPYkPc=

stream-shift@^1.0.0:
  version "1.0.1"
  resolved "https://neo.jfrog.io/neo/api/npm/npm/stream-shift/-/stream-shift-1.0.1.tgz#d7088281559ab2778424279b0877da3c392d5a3d"
  integrity sha1-1wiCgVWasneEJCebCHfaPDktWj0=

string-width@^4.1.0, string-width@^4.2.0:
  version "4.2.0"
  resolved "https://neo.jfrog.io/neo/api/npm/npm/string-width/-/string-width-4.2.0.tgz#952182c46cc7b2c313d1596e623992bd163b72b5"
  integrity sha1-lSGCxGzHssMT0VluYjmSvRY7crU=
  dependencies:
    emoji-regex "^8.0.0"
    is-fullwidth-code-point "^3.0.0"
    strip-ansi "^6.0.0"

string_decoder@^1.1.1:
  version "1.3.0"
  resolved "https://neo.jfrog.io/neo/api/npm/npm/string_decoder/-/string_decoder-1.3.0.tgz#42f114594a46cf1a8e30b0a84f56c78c3edac21e"
  integrity sha1-QvEUWUpGzxqOMLCoT1bHjD7awh4=
  dependencies:
    safe-buffer "~5.2.0"

strip-ansi@^6.0.0:
  version "6.0.0"
  resolved "https://neo.jfrog.io/neo/api/npm/npm/strip-ansi/-/strip-ansi-6.0.0.tgz#0b1571dd7669ccd4f3e06e14ef1eed26225ae532"
  integrity sha1-CxVx3XZpzNTz4G4U7x7tJiJa5TI=
  dependencies:
    ansi-regex "^5.0.0"

util-deprecate@^1.0.1:
  version "1.0.2"
  resolved "https://neo.jfrog.io/neo/api/npm/npm/util-deprecate/-/util-deprecate-1.0.2.tgz#450d4dc9fa70de732762fbd2d4a28981419a0ccf"
  integrity sha1-RQ1Nyfpw3nMnYvvS1KKJgUGaDM8=

which-module@^2.0.0:
  version "2.0.0"
  resolved "https://neo.jfrog.io/neo/api/npm/npm/which-module/-/which-module-2.0.0.tgz#d9ef07dce77b9902b8a3a8fa4b31c3e3f7e6e87a"
  integrity sha1-2e8H3Od7mQK4o6j6SzHD4/fm6Ho=

wrap-ansi@^6.2.0:
  version "6.2.0"
  resolved "https://neo.jfrog.io/neo/api/npm/npm/wrap-ansi/-/wrap-ansi-6.2.0.tgz#e9393ba07102e6c91a3b221478f0257cd2856e53"
  integrity sha1-6Tk7oHEC5skaOyIUePAlfNKFblM=
  dependencies:
    ansi-styles "^4.0.0"
    string-width "^4.1.0"
    strip-ansi "^6.0.0"

wrappy@1:
  version "1.0.2"
  resolved "https://neo.jfrog.io/neo/api/npm/npm/wrappy/-/wrappy-1.0.2.tgz#b5243d8f3ec1aa35f1364605bc0d1036e30ab69f"
  integrity sha1-tSQ9jz7BqjXxNkYFvA0QNuMKtp8=

y18n@^4.0.0:
  version "4.0.0"
  resolved "https://neo.jfrog.io/neo/api/npm/npm/y18n/-/y18n-4.0.0.tgz#95ef94f85ecc81d007c264e190a120f0a3c8566b"
  integrity sha1-le+U+F7MgdAHwmThkKEg8KPIVms=

yallist@^4.0.0:
  version "4.0.0"
  resolved "https://neo.jfrog.io/neo/api/npm/npm/yallist/-/yallist-4.0.0.tgz#9bb92790d9c0effec63be73519e11a35019a3a72"
  integrity sha1-m7knkNnA7/7GO+c1GeEaNQGaOnI=

yargs-parser@^18.1.2:
  version "18.1.3"
  resolved "https://neo.jfrog.io/neo/api/npm/npm/yargs-parser/-/yargs-parser-18.1.3.tgz#be68c4975c6b2abf469236b0c870362fab09a7b0"
  integrity sha1-vmjEl1xrKr9GkjawyHA2L6sJp7A=
  dependencies:
    camelcase "^5.0.0"
    decamelize "^1.2.0"

yargs@^15.3.1:
  version "15.4.1"
  resolved "https://neo.jfrog.io/neo/api/npm/npm/yargs/-/yargs-15.4.1.tgz#0d87a16de01aee9d8bec2bfbf74f67851730f4f8"
  integrity sha1-DYehbeAa7p2L7Cv7909nhRcw9Pg=
  dependencies:
    cliui "^6.0.0"
    decamelize "^1.2.0"
    find-up "^4.1.0"
    get-caller-file "^2.0.1"
    require-directory "^2.1.1"
    require-main-filename "^2.0.0"
    set-blocking "^2.0.0"
    string-width "^4.2.0"
    which-module "^2.0.0"
    y18n "^4.0.0"
    yargs-parser "^18.1.2"
